
Microsoft Visual Studio Solution File, Format Version 12.00
# Visual Studio Version 16
VisualStudioVersion = 16.0.31702.278
MinimumVisualStudioVersion = 10.0.40219.1
Project("{2150E333-8FDC-42A3-9474-1A3956D46DE8}") = "Service", "Service", "{AB0455F4-E9D5-4E90-9255-23E740D16422}"
EndProject
Project("{FAE04EC0-301F-11D3-BF4B-00C04F79EFBC}") = "TQIService.API", "Service\TQIService.API\TQIService.API.csproj", "{3B5248EA-22DC-4C92-9F19-B9AED4F8415E}"
EndProject
Global
	GlobalSection(SolutionConfigurationPlatforms) = preSolution
		Debug|Any CPU = Debug|Any CPU
		Release|Any CPU = Release|Any CPU
	EndGlobalSection
	GlobalSection(ProjectConfigurationPlatforms) = postSolution
		{3B5248EA-22DC-4C92-9F19-B9AED4F8415E}.Debug|Any CPU.ActiveCfg = Debug|Any CPU
		{3B5248EA-22DC-4C92-9F19-B9AED4F8415E}.Debug|Any CPU.Build.0 = Debug|Any CPU
		{3B5248EA-22DC-4C92-9F19-B9AED4F8415E}.Release|Any CPU.ActiveCfg = Release|Any CPU
		{3B5248EA-22DC-4C92-9F19-B9AED4F8415E}.Release|Any CPU.Build.0 = Release|Any CPU
	EndGlobalSection
	GlobalSection(SolutionProperties) = preSolution
		HideSolutionNode = FALSE
	EndGlobalSection
	GlobalSection(NestedProjects) = preSolution
		{3B5248EA-22DC-4C92-9F19-B9AED4F8415E} = {AB0455F4-E9D5-4E90-9255-23E740D16422}
	EndGlobalSection
	GlobalSection(ExtensibilityGlobals) = postSolution
		SolutionGuid = {F2030220-07EF-4074-B4EB-4BCACA7E4D92}
	EndGlobalSection
EndGlobal
